// !$*UTF8*$!
{
	archiveVersion = 1;
	classes = {
	};
	objectVersion = 46;
	objects = {

/* Begin PBXBuildFile section */
		922D30D61C285AE8002A2461 /* AppDelegate.swift in Sources */ = {isa = PBXBuildFile; fileRef = 922D30D51C285AE8002A2461 /* AppDelegate.swift */; };
		922D30D81C285AE8002A2461 /* ViewController.swift in Sources */ = {isa = PBXBuildFile; fileRef = 922D30D71C285AE8002A2461 /* ViewController.swift */; };
		922D30DB1C285AE8002A2461 /* Main.storyboard in Resources */ = {isa = PBXBuildFile; fileRef = 922D30D91C285AE8002A2461 /* Main.storyboard */; };
		922D30DD1C285AE8002A2461 /* Assets.xcassets in Resources */ = {isa = PBXBuildFile; fileRef = 922D30DC1C285AE8002A2461 /* Assets.xcassets */; };
		922D30E01C285AE8002A2461 /* LaunchScreen.storyboard in Resources */ = {isa = PBXBuildFile; fileRef = 922D30DE1C285AE8002A2461 /* LaunchScreen.storyboard */; };
		922D30E81C285DAD002A2461 /* Post.swift in Sources */ = {isa = PBXBuildFile; fileRef = 922D30E71C285DAD002A2461 /* Post.swift */; };
		922D30EB1C28679F002A2461 /* PostCell.swift in Sources */ = {isa = PBXBuildFile; fileRef = 922D30EA1C28679F002A2461 /* PostCell.swift */; };
		92D6999D1C296FEC00791942 /* AddPostVC.swift in Sources */ = {isa = PBXBuildFile; fileRef = 92D6999C1C296FEC00791942 /* AddPostVC.swift */; };
		92D699A31C29883200791942 /* DataService.swift in Sources */ = {isa = PBXBuildFile; fileRef = 92D699A21C29883200791942 /* DataService.swift */; };
/* End PBXBuildFile section */

/* Begin PBXFileReference section */
		922D30D21C285AE8002A2461 /* my-hood.app */ = {isa = PBXFileReference; explicitFileType = wrapper.application; includeInIndex = 0; path = "my-hood.app"; sourceTree = BUILT_PRODUCTS_DIR; };
		922D30D51C285AE8002A2461 /* AppDelegate.swift */ = {isa = PBXFileReference; lastKnownFileType = sourcecode.swift; path = AppDelegate.swift; sourceTree = "<group>"; };
		922D30D71C285AE8002A2461 /* ViewController.swift */ = {isa = PBXFileReference; lastKnownFileType = sourcecode.swift; path = ViewController.swift; sourceTree = "<group>"; };
		922D30DA1C285AE8002A2461 /* Base */ = {isa = PBXFileReference; lastKnownFileType = file.storyboard; name = Base; path = Base.lproj/Main.storyboard; sourceTree = "<group>"; };
		922D30DC1C285AE8002A2461 /* Assets.xcassets */ = {isa = PBXFileReference; lastKnownFileType = folder.assetcatalog; path = Assets.xcassets; sourceTree = "<group>"; };
		922D30DF1C285AE8002A2461 /* Base */ = {isa = PBXFileReference; lastKnownFileType = file.storyboard; name = Base; path = Base.lproj/LaunchScreen.storyboard; sourceTree = "<group>"; };
		922D30E11C285AE8002A2461 /* Info.plist */ = {isa = PBXFileReference; lastKnownFileType = text.plist.xml; path = Info.plist; sourceTree = "<group>"; };
		922D30E71C285DAD002A2461 /* Post.swift */ = {isa = PBXFileReference; fileEncoding = 4; lastKnownFileType = sourcecode.swift; path = Post.swift; sourceTree = "<group>"; };
		922D30EA1C28679F002A2461 /* PostCell.swift */ = {isa = PBXFileReference; fileEncoding = 4; lastKnownFileType = sourcecode.swift; path = PostCell.swift; sourceTree = "<group>"; };
		92D6999C1C296FEC00791942 /* AddPostVC.swift */ = {isa = PBXFileReference; fileEncoding = 4; lastKnownFileType = sourcecode.swift; path = AddPostVC.swift; sourceTree = "<group>"; };
		92D699A21C29883200791942 /* DataService.swift */ = {isa = PBXFileReference; fileEncoding = 4; lastKnownFileType = sourcecode.swift; path = DataService.swift; sourceTree = "<group>"; };
/* End PBXFileReference section */

/* Begin PBXFrameworksBuildPhase section */
		922D30CF1C285AE8002A2461 /* Frameworks */ = {
			isa = PBXFrameworksBuildPhase;
			buildActionMask = 2147483647;
			files = (
			);
			runOnlyForDeploymentPostprocessing = 0;
		};
/* End PBXFrameworksBuildPhase section */

/* Begin PBXGroup section */
		922D30C91C285AE8002A2461 = {
			isa = PBXGroup;
			children = (
				922D30D41C285AE8002A2461 /* my-hood */,
				92D6999F1C29700900791942 /* Support */,
				922D30D31C285AE8002A2461 /* Products */,
			);
			sourceTree = "<group>";
		};
		922D30D31C285AE8002A2461 /* Products */ = {
			isa = PBXGroup;
			children = (
				922D30D21C285AE8002A2461 /* my-hood.app */,
			);
			name = Products;
			sourceTree = "<group>";
		};
		922D30D41C285AE8002A2461 /* my-hood */ = {
			isa = PBXGroup;
			children = (
				922D30D91C285AE8002A2461 /* Main.storyboard */,
				922D30DE1C285AE8002A2461 /* LaunchScreen.storyboard */,
				92D699A41C298BB400791942 /* Service */,
				922D30E91C285DB2002A2461 /* Model */,
				922D30EC1C2867AC002A2461 /* View */,
				92D6999E1C296FF200791942 /* Controller */,
			);
			path = "my-hood";
			sourceTree = "<group>";
		};
		922D30E91C285DB2002A2461 /* Model */ = {
			isa = PBXGroup;
			children = (
				922D30E71C285DAD002A2461 /* Post.swift */,
			);
			name = Model;
			sourceTree = "<group>";
		};
		922D30EC1C2867AC002A2461 /* View */ = {
			isa = PBXGroup;
			children = (
				922D30EA1C28679F002A2461 /* PostCell.swift */,
			);
			name = View;
			sourceTree = "<group>";
		};
		92D6999E1C296FF200791942 /* Controller */ = {
			isa = PBXGroup;
			children = (
				922D30D71C285AE8002A2461 /* ViewController.swift */,
				92D6999C1C296FEC00791942 /* AddPostVC.swift */,
			);
			name = Controller;
			sourceTree = "<group>";
		};
		92D6999F1C29700900791942 /* Support */ = {
			isa = PBXGroup;
			children = (
				922D30D51C285AE8002A2461 /* AppDelegate.swift */,
				922D30DC1C285AE8002A2461 /* Assets.xcassets */,
				922D30E11C285AE8002A2461 /* Info.plist */,
			);
			name = Support;
			path = "my-hood";
			sourceTree = "<group>";
		};
		92D699A41C298BB400791942 /* Service */ = {
			isa = PBXGroup;
			children = (
				92D699A21C29883200791942 /* DataService.swift */,
			);
			name = Service;
			sourceTree = "<group>";
		};
/* End PBXGroup section */

/* Begin PBXNativeTarget section */
		922D30D11C285AE8002A2461 /* my-hood */ = {
			isa = PBXNativeTarget;
			buildConfigurationList = 922D30E41C285AE8002A2461 /* Build configuration list for PBXNativeTarget "my-hood" */;
			buildPhases = (
				922D30CE1C285AE8002A2461 /* Sources */,
				922D30CF1C285AE8002A2461 /* Frameworks */,
				922D30D01C285AE8002A2461 /* Resources */,
			);
			buildRules = (
			);
			dependencies = (
			);
			name = "my-hood";
			productName = "my-hood";
			productReference = 922D30D21C285AE8002A2461 /* my-hood.app */;
			productType = "com.apple.product-type.application";
		};
/* End PBXNativeTarget section */

/* Begin PBXProject section */
		922D30CA1C285AE8002A2461 /* Project object */ = {
			isa = PBXProject;
			attributes = {
				LastSwiftUpdateCheck = 0720;
				LastUpgradeCheck = 0720;
				ORGANIZATIONNAME = FaceCat;
				TargetAttributes = {
					922D30D11C285AE8002A2461 = {
						CreatedOnToolsVersion = 7.2;
						DevelopmentTeam = ZC6JT4NBEH;
					};
				};
			};
			buildConfigurationList = 922D30CD1C285AE8002A2461 /* Build configuration list for PBXProject "my-hood" */;
			compatibilityVersion = "Xcode 3.2";
			developmentRegion = English;
			hasScannedForEncodings = 0;
			knownRegions = (
				en,
				Base,
			);
			mainGroup = 922D30C91C285AE8002A2461;
			productRefGroup = 922D30D31C285AE8002A2461 /* Products */;
			projectDirPath = "";
			projectRoot = "";
			targets = (
				922D30D11C285AE8002A2461 /* my-hood */,
			);
		};
/* End PBXProject section */

/* Begin PBXResourcesBuildPhase section */
		922D30D01C285AE8002A2461 /* Resources */ = {
			isa = PBXResourcesBuildPhase;
			buildActionMask = 2147483647;
			files = (
				922D30E01C285AE8002A2461 /* LaunchScreen.storyboard in Resources */,
				922D30DD1C285AE8002A2461 /* Assets.xcassets in Resources */,
				922D30DB1C285AE8002A2461 /* Main.storyboard in Resources */,
			);
			runOnlyForDeploymentPostprocessing = 0;
		};
/* End PBXResourcesBuildPhase section */

/* Begin PBXSourcesBuildPhase section */
		922D30CE1C285AE8002A2461 /* Sources */ = {
			isa = PBXSourcesBuildPhase;
			buildActionMask = 2147483647;
			files = (
				922D30E81C285DAD002A2461 /* Post.swift in Sources */,
				922D30D81C285AE8002A2461 /* ViewController.swift in Sources */,
				92D6999D1C296FEC00791942 /* AddPostVC.swift in Sources */,
				92D699A31C29883200791942 /* DataService.swift in Sources */,
				922D30D61C285AE8002A2461 /* AppDelegate.swift in Sources */,
				922D30EB1C28679F002A2461 /* PostCell.swift in Sources */,
			);
			runOnlyForDeploymentPostprocessing = 0;
		};
/* End PBXSourcesBuildPhase section */

/* Begin PBXVariantGroup section */
		922D30D91C285AE8002A2461 /* Main.storyboard */ = {
			isa = PBXVariantGroup;
			children = (
				922D30DA1C285AE8002A2461 /* Base */,
			);
			name = Main.storyboard;
			sourceTree = "<group>";
		};
		922D30DE1C285AE8002A2461 /* LaunchScreen.storyboard */ = {
			isa = PBXVariantGroup;
			children = (
				922D30DF1C285AE8002A2461 /* Base */,
			);
			name = LaunchScreen.storyboard;
			sourceTree = "<group>";
		};
/* End PBXVariantGroup section */

/* Begin XCBuildConfiguration section */
		922D30E21C285AE8002A2461 /* Debug */ = {
			isa = XCBuildConfiguration;
			buildSettings = {
				ALWAYS_SEARCH_USER_PATHS = NO;
				CLANG_CXX_LANGUAGE_STANDARD = "gnu++0x";
				CLANG_CXX_LIBRARY = "libc++";
				CLANG_ENABLE_MODULES = YES;
				CLANG_ENABLE_OBJC_ARC = YES;
				CLANG_WARN_BOOL_CONVERSION = YES;
				CLANG_WARN_CONSTANT_CONVERSION = YES;
				CLANG_WARN_DIRECT_OBJC_ISA_USAGE = YES_ERROR;
				CLANG_WARN_EMPTY_BODY = YES;
				CLANG_WARN_ENUM_CONVERSION = YES;
				CLANG_WARN_INT_CONVERSION = YES;
				CLANG_WARN_OBJC_ROOT_CLASS = YES_ERROR;
				CLANG_WARN_UNREACHABLE_CODE = YES;
				CLANG_WARN__DUPLICATE_METHOD_MATCH = YES;
				"CODE_SIGN_IDENTITY[sdk=iphoneos*]" = "iPhone Developer";
				COPY_PHASE_STRIP = NO;
				DEBUG_INFORMATION_FORMAT = dwarf;
				ENABLE_STRICT_OBJC_MSGSEND = YES;
				ENABLE_TESTABILITY = YES;
				GCC_C_LANGUAGE_STANDARD = gnu99;
				GCC_DYNAMIC_NO_PIC = NO;
				GCC_NO_COMMON_BLOCKS = YES;
				GCC_OPTIMIZATION_LEVEL = 0;
				GCC_PREPROCESSOR_DEFINITIONS = (
					"DEBUG=1",
					"$(inherited)",
				);
				GCC_WARN_64_TO_32_BIT_CONVERSION = YES;
				GCC_WARN_ABOUT_RETURN_TYPE = YES_ERROR;
				GCC_WARN_UNDECLARED_SELECTOR = YES;
				GCC_WARN_UNINITIALIZED_AUTOS = YES_AGGRESSIVE;
				GCC_WARN_UNUSED_FUNCTION = YES;
				GCC_WARN_UNUSED_VARIABLE = YES;
				IPHONEOS_DEPLOYMENT_TARGET = 9.2;
				MTL_ENABLE_DEBUG_INFO = YES;
				ONLY_ACTIVE_ARCH = YES;
				SDKROOT = iphoneos;
				SWIFT_OPTIMIZATION_LEVEL = "-Onone";
			};
			name = Debug;
		};
		922D30E31C285AE8002A2461 /* Release */ = {
			isa = XCBuildConfiguration;
			buildSettings = {
				ALWAYS_SEARCH_USER_PATHS = NO;
				CLANG_CXX_LANGUAGE_STANDARD = "gnu++0x";
				CLANG_CXX_LIBRARY = "libc++";
				CLANG_ENABLE_MODULES = YES;
				CLANG_ENABLE_OBJC_ARC = YES;
				CLANG_WARN_BOOL_CONVERSION = YES;
				CLANG_WARN_CONSTANT_CONVERSION = YES;
				CLANG_WARN_DIRECT_OBJC_ISA_USAGE = YES_ERROR;
				CLANG_WARN_EMPTY_BODY = YES;
				CLANG_WARN_ENUM_CONVERSION = YES;
				CLANG_WARN_INT_CONVERSION = YES;
				CLANG_WARN_OBJC_ROOT_CLASS = YES_ERROR;
				CLANG_WARN_UNREACHABLE_CODE = YES;
				CLANG_WARN__DUPLICATE_METHOD_MATCH = YES;
				"CODE_SIGN_IDENTITY[sdk=iphoneos*]" = "iPhone Developer";
				COPY_PHASE_STRIP = NO;
				DEBUG_INFORMATION_FORMAT = "dwarf-with-dsym";
				ENABLE_NS_ASSERTIONS = NO;
				ENABLE_STRICT_OBJC_MSGSEND = YES;
				GCC_C_LANGUAGE_STANDARD = gnu99;
				GCC_NO_COMMON_BLOCKS = YES;
				GCC_WARN_64_TO_32_BIT_CONVERSION = YES;
				GCC_WARN_ABOUT_RETURN_TYPE = YES_ERROR;
				GCC_WARN_UNDECLARED_SELECTOR = YES;
				GCC_WARN_UNINITIALIZED_AUTOS = YES_AGGRESSIVE;
				GCC_WARN_UNUSED_FUNCTION = YES;
				GCC_WARN_UNUSED_VARIABLE = YES;
				IPHONEOS_DEPLOYMENT_TARGET = 9.2;
				MTL_ENABLE_DEBUG_INFO = NO;
				SDKROOT = iphoneos;
				VALIDATE_PRODUCT = YES;
			};
			name = Release;
		};
		922D30E51C285AE8002A2461 /* Debug */ = {
			isa = XCBuildConfiguration;
			buildSettings = {
				ASSETCATALOG_COMPILER_APPICON_NAME = AppIcon;
				INFOPLIST_FILE = "my-hood/Info.plist";
				LD_RUNPATH_SEARCH_PATHS = "$(inherited) @executable_path/Frameworks";
				PRODUCT_BUNDLE_IDENTIFIER = "com.FaceCat.my-hood";
				PRODUCT_NAME = "$(TARGET_NAME)";
			};
			name = Debug;
		};
		922D30E61C285AE8002A2461 /* Release */ = {
			isa = XCBuildConfiguration;
			buildSettings = {
				ASSETCATALOG_COMPILER_APPICON_NAME = AppIcon;
				INFOPLIST_FILE = "my-hood/Info.plist";
				LD_RUNPATH_SEARCH_PATHS = "$(inherited) @executable_path/Frameworks";
				PRODUCT_BUNDLE_IDENTIFIER = "com.FaceCat.my-hood";
				PRODUCT_NAME = "$(TARGET_NAME)";
			};
			name = Release;
		};
/* End XCBuildConfiguration section */

/* Begin XCConfigurationList section */
		922D30CD1C285AE8002A2461 /* Build configuration list for PBXProject "my-hood" */ = {
			isa = XCConfigurationList;
			buildConfigurations = (
				922D30E21C285AE8002A2461 /* Debug */,
				922D30E31C285AE8002A2461 /* Release */,
			);
			defaultConfigurationIsVisible = 0;
			defaultConfigurationName = Release;
		};
		922D30E41C285AE8002A2461 /* Build configuration list for PBXNativeTarget "my-hood" */ = {
			isa = XCConfigurationList;
			buildConfigurations = (
				922D30E51C285AE8002A2461 /* Debug */,
				922D30E61C285AE8002A2461 /* Release */,
			);
			defaultConfigurationIsVisible = 0;
			defaultConfigurationName = Release;
		};
/* End XCConfigurationList section */
	};
	rootObject = 922D30CA1C285AE8002A2461 /* Project object */;
}
